
Microsoft Visual Studio Solution File, Format Version 12.00
# Visual Studio Version 17
VisualStudioVersion = 17.7.34031.279
MinimumVisualStudioVersion = 10.0.40219.1
Project("{FAE04EC0-301F-11D3-BF4B-00C04F79EFBC}") = "M3U8Helper", "M3U8Helper\M3U8Helper.csproj", "{4A5902FC-9E9C-42D5-9825-57BE6D22A1C0}"
EndProject
Project("{FAE04EC0-301F-11D3-BF4B-00C04F79EFBC}") = "M3U8Downloader", "Downloader\M3U8Downloader.csproj", "{FFC756C4-375B-48F3-A201-D938874DBCFA}"
	ProjectSection(ProjectDependencies) = postProject
		{4A5902FC-9E9C-42D5-9825-57BE6D22A1C0} = {4A5902FC-9E9C-42D5-9825-57BE6D22A1C0}
	EndProjectSection
EndProject
Project("{FAE04EC0-301F-11D3-BF4B-00C04F79EFBC}") = "M3U8Explorer", "M3U8Explorer\M3U8Explorer.csproj", "{64D3B7B4-166A-454E-8839-EFDE68E8B656}"
EndProject
Global
	GlobalSection(SolutionConfigurationPlatforms) = preSolution
		Debug|Any CPU = Debug|Any CPU
		Release|Any CPU = Release|Any CPU
	EndGlobalSection
	GlobalSection(ProjectConfigurationPlatforms) = postSolution
		{4A5902FC-9E9C-42D5-9825-57BE6D22A1C0}.Debug|Any CPU.ActiveCfg = Debug|Any CPU
		{4A5902FC-9E9C-42D5-9825-57BE6D22A1C0}.Debug|Any CPU.Build.0 = Debug|Any CPU
		{4A5902FC-9E9C-42D5-9825-57BE6D22A1C0}.Release|Any CPU.ActiveCfg = Release|Any CPU
		{4A5902FC-9E9C-42D5-9825-57BE6D22A1C0}.Release|Any CPU.Build.0 = Release|Any CPU
		{FFC756C4-375B-48F3-A201-D938874DBCFA}.Debug|Any CPU.ActiveCfg = Debug|Any CPU
		{FFC756C4-375B-48F3-A201-D938874DBCFA}.Debug|Any CPU.Build.0 = Debug|Any CPU
		{FFC756C4-375B-48F3-A201-D938874DBCFA}.Release|Any CPU.ActiveCfg = Release|Any CPU
		{FFC756C4-375B-48F3-A201-D938874DBCFA}.Release|Any CPU.Build.0 = Release|Any CPU
		{64D3B7B4-166A-454E-8839-EFDE68E8B656}.Debug|Any CPU.ActiveCfg = Debug|Any CPU
		{64D3B7B4-166A-454E-8839-EFDE68E8B656}.Debug|Any CPU.Build.0 = Debug|Any CPU
		{64D3B7B4-166A-454E-8839-EFDE68E8B656}.Release|Any CPU.ActiveCfg = Release|Any CPU
		{64D3B7B4-166A-454E-8839-EFDE68E8B656}.Release|Any CPU.Build.0 = Release|Any CPU
	EndGlobalSection
	GlobalSection(SolutionProperties) = preSolution
		HideSolutionNode = FALSE
	EndGlobalSection
	GlobalSection(ExtensibilityGlobals) = postSolution
		SolutionGuid = {7422D885-6E71-4008-951B-842D5D014E01}
	EndGlobalSection
EndGlobal
